
Microsoft Visual Studio Solution File, Format Version 12.00
# Visual Studio 14
VisualStudioVersion = 14.0.25420.1
MinimumVisualStudioVersion = 10.0.40219.1
Project("{FAE04EC0-301F-11D3-BF4B-00C04F79EFBC}") = "Users.DAL", "Users.DAL\Users.DAL.csproj", "{D0A7E2E9-0726-4DE9-AAF8-EC2AC91F2F39}"
EndProject
Project("{FAE04EC0-301F-11D3-BF4B-00C04F79EFBC}") = "Users.Dtos", "Users.Dtos\Users.Dtos.csproj", "{8205CA50-713F-4CFB-91C1-992916D79EF6}"
EndProject
Project("{FAE04EC0-301F-11D3-BF4B-00C04F79EFBC}") = "Users.UserServices", "Users.UserServices\Users.UserServices.csproj", "{73169D44-BACA-4A0C-9FD4-47654FE251FD}"
EndProject
Project("{FAE04EC0-301F-11D3-BF4B-00C04F79EFBC}") = "Users.ServiceHost", "Users.ServiceHost\Users.ServiceHost.csproj", "{9DF7E282-2883-463D-97EE-B35568904AAA}"
EndProject
Project("{FAE04EC0-301F-11D3-BF4B-00C04F79EFBC}") = "Users.Client", "AngularRouter\Users.Client.csproj", "{0D238430-4E7F-4315-B61C-C1F07C46291D}"
EndProject
Global
	GlobalSection(SolutionConfigurationPlatforms) = preSolution
		Debug|Any CPU = Debug|Any CPU
		Release|Any CPU = Release|Any CPU
	EndGlobalSection
	GlobalSection(ProjectConfigurationPlatforms) = postSolution
		{D0A7E2E9-0726-4DE9-AAF8-EC2AC91F2F39}.Debug|Any CPU.ActiveCfg = Debug|Any CPU
		{D0A7E2E9-0726-4DE9-AAF8-EC2AC91F2F39}.Debug|Any CPU.Build.0 = Debug|Any CPU
		{D0A7E2E9-0726-4DE9-AAF8-EC2AC91F2F39}.Release|Any CPU.ActiveCfg = Release|Any CPU
		{D0A7E2E9-0726-4DE9-AAF8-EC2AC91F2F39}.Release|Any CPU.Build.0 = Release|Any CPU
		{8205CA50-713F-4CFB-91C1-992916D79EF6}.Debug|Any CPU.ActiveCfg = Debug|Any CPU
		{8205CA50-713F-4CFB-91C1-992916D79EF6}.Debug|Any CPU.Build.0 = Debug|Any CPU
		{8205CA50-713F-4CFB-91C1-992916D79EF6}.Release|Any CPU.ActiveCfg = Release|Any CPU
		{8205CA50-713F-4CFB-91C1-992916D79EF6}.Release|Any CPU.Build.0 = Release|Any CPU
		{73169D44-BACA-4A0C-9FD4-47654FE251FD}.Debug|Any CPU.ActiveCfg = Debug|Any CPU
		{73169D44-BACA-4A0C-9FD4-47654FE251FD}.Debug|Any CPU.Build.0 = Debug|Any CPU
		{73169D44-BACA-4A0C-9FD4-47654FE251FD}.Release|Any CPU.ActiveCfg = Release|Any CPU
		{73169D44-BACA-4A0C-9FD4-47654FE251FD}.Release|Any CPU.Build.0 = Release|Any CPU
		{9DF7E282-2883-463D-97EE-B35568904AAA}.Debug|Any CPU.ActiveCfg = Debug|Any CPU
		{9DF7E282-2883-463D-97EE-B35568904AAA}.Debug|Any CPU.Build.0 = Debug|Any CPU
		{9DF7E282-2883-463D-97EE-B35568904AAA}.Release|Any CPU.ActiveCfg = Release|Any CPU
		{9DF7E282-2883-463D-97EE-B35568904AAA}.Release|Any CPU.Build.0 = Release|Any CPU
		{0D238430-4E7F-4315-B61C-C1F07C46291D}.Debug|Any CPU.ActiveCfg = Debug|Any CPU
		{0D238430-4E7F-4315-B61C-C1F07C46291D}.Debug|Any CPU.Build.0 = Debug|Any CPU
		{0D238430-4E7F-4315-B61C-C1F07C46291D}.Release|Any CPU.ActiveCfg = Release|Any CPU
		{0D238430-4E7F-4315-B61C-C1F07C46291D}.Release|Any CPU.Build.0 = Release|Any CPU
	EndGlobalSection
	GlobalSection(SolutionProperties) = preSolution
		HideSolutionNode = FALSE
	EndGlobalSection
EndGlobal
